<?xml version="1.0" encoding="utf-8"?>
<Project ToolsVersion="4.0" xmlns="http://schemas.microsoft.com/developer/msbuild/2003">
  <ItemGroup>
    <Filter Include="源文件">
      <UniqueIdentifier>{4FC737F1-C7A5-4376-A066-2A32D752A2FF}</UniqueIdentifier>
      <Extensions>cpp;c;cc;cxx;def;odl;idl;hpj;bat;asm;asmx</Extensions>
    </Filter>
    <Filter Include="头文件">
      <UniqueIdentifier>{93995380-89BD-4b04-88EB-625FBE52EBFB}</UniqueIdentifier>
      <Extensions>h;hh;hpp;hxx;hm;inl;inc;xsd</Extensions>
    </Filter>
    <Filter Include="资源文件">
      <UniqueIdentifier>{67DA6AB6-F800-4c08-8B7A-83BB121AAD01}</UniqueIdentifier>
      <Extensions>rc;ico;cur;bmp;dlg;rc2;rct;bin;rgs;gif;jpg;jpeg;jpe;resx;tiff;tif;png;wav;mfcribbon-ms</Extensions>
    </Filter>
    <Filter Include="curl">
      <UniqueIdentifier>{95650118-10df-4f35-9c4d-8764702f86c5}</UniqueIdentifier>
    </Filter>
    <Filter Include="curl\include">
      <UniqueIdentifier>{7a90b9ac-9e1c-43d3-a6fa-a277e83611cc}</UniqueIdentifier>
    </Filter>
    <Filter Include="curl\lib">
      <UniqueIdentifier>{9f87d765-ff0c-461e-bbdf-ae9f924aa7aa}</UniqueIdentifier>
    </Filter>
    <Filter Include="curl\include\curl">
      <UniqueIdentifier>{9d59a93d-f620-46bf-a4a1-8a7cdb52e5b4}</UniqueIdentifier>
    </Filter>
    <Filter Include="curl\lib\vtls">
      <UniqueIdentifier>{caf6c515-6607-437f-aa27-ea79368195ba}</UniqueIdentifier>
    </Filter>
    <Filter Include="json">
      <UniqueIdentifier>{0d0e1edb-34ff-4abc-bd16-0bebb4aa6abe}</UniqueIdentifier>
    </Filter>
    <Filter Include="json\json">
      <UniqueIdentifier>{eb0c5979-c562-44ec-83f9-a8c142bb7da2}</UniqueIdentifier>
    </Filter>
    <Filter Include="CxImage">
      <UniqueIdentifier>{ec6a5d22-bb6b-4577-aa74-8634488a05e4}</UniqueIdentifier>
    </Filter>
    <Filter Include="zlib">
      <UniqueIdentifier>{013fb885-548c-43f9-804c-957a7c85e4d9}</UniqueIdentifier>
    </Filter>
    <Filter Include="png">
      <UniqueIdentifier>{fd844f59-e770-4b08-8e62-ac98cfef1f5b}</UniqueIdentifier>
    </Filter>
  </ItemGroup>
  <ItemGroup>
    <Text Include="ReadMe.txt" />
  </ItemGroup>
  <ItemGroup>
    <ClInclude Include="stdafx.h">
      <Filter>头文件</Filter>
    </ClInclude>
    <ClInclude Include="appenv.h">
      <Filter>头文件</Filter>
    </ClInclude>
    <ClInclude Include="servicefuncs.h">
      <Filter>头文件</Filter>
    </ClInclude>
    <ClInclude Include="servinstaller.h">
      <Filter>头文件</Filter>
    </ClInclude>
    <ClInclude Include="SysReportLog.h">
      <Filter>头文件</Filter>
    </ClInclude>
    <ClInclude Include="ServMain.h">
      <Filter>头文件</Filter>
    </ClInclude>
    <ClInclude Include="FuncsImp.h">
      <Filter>头文件</Filter>
    </ClInclude>
    <ClInclude Include="CurlEnv.h">
      <Filter>头文件</Filter>
    </ClInclude>
    <ClInclude Include="curl\include\curl\curl.h">
      <Filter>curl\include\curl</Filter>
    </ClInclude>
    <ClInclude Include="curl\include\curl\curlbuild.h">
      <Filter>curl\include\curl</Filter>
    </ClInclude>
    <ClInclude Include="curl\include\curl\curlrules.h">
      <Filter>curl\include\curl</Filter>
    </ClInclude>
    <ClInclude Include="curl\include\curl\curlver.h">
      <Filter>curl\include\curl</Filter>
    </ClInclude>
    <ClInclude Include="curl\include\curl\easy.h">
      <Filter>curl\include\curl</Filter>
    </ClInclude>
    <ClInclude Include="curl\include\curl\mprintf.h">
      <Filter>curl\include\curl</Filter>
    </ClInclude>
    <ClInclude Include="curl\include\curl\multi.h">
      <Filter>curl\include\curl</Filter>
    </ClInclude>
    <ClInclude Include="curl\include\curl\stdcheaders.h">
      <Filter>curl\include\curl</Filter>
    </ClInclude>
    <ClInclude Include="curl\lib\arpa_telnet.h">
      <Filter>curl\lib</Filter>
    </ClInclude>
    <ClInclude Include="curl\lib\asyn.h">
      <Filter>curl\lib</Filter>
    </ClInclude>
    <ClInclude Include="curl\lib\bundles.h">
      <Filter>curl\lib</Filter>
    </ClInclude>
    <ClInclude Include="curl\lib\config-win32.h">
      <Filter>curl\lib</Filter>
    </ClInclude>
    <ClInclude Include="curl\lib\conncache.h">
      <Filter>curl\lib</Filter>
    </ClInclude>
    <ClInclude Include="curl\lib\connect.h">
      <Filter>curl\lib</Filter>
    </ClInclude>
    <ClInclude Include="curl\lib\content_encoding.h">
      <Filter>curl\lib</Filter>
    </ClInclude>
    <ClInclude Include="curl\lib\cookie.h">
      <Filter>curl\lib</Filter>
    </ClInclude>
    <ClInclude Include="curl\lib\curl_addrinfo.h">
      <Filter>curl\lib</Filter>
    </ClInclude>
    <ClInclude Include="curl\lib\curl_base64.h">
      <Filter>curl\lib</Filter>
    </ClInclude>
    <ClInclude Include="curl\lib\curl_fnmatch.h">
      <Filter>curl\lib</Filter>
    </ClInclude>
    <ClInclude Include="curl\lib\curl_gethostname.h">
      <Filter>curl\lib</Filter>
    </ClInclude>
    <ClInclude Include="curl\lib\curl_gssapi.h">
      <Filter>curl\lib</Filter>
    </ClInclude>
    <ClInclude Include="curl\lib\curl_hmac.h">
      <Filter>curl\lib</Filter>
    </ClInclude>
    <ClInclude Include="curl\lib\curl_ldap.h">
      <Filter>curl\lib</Filter>
    </ClInclude>
    <ClInclude Include="curl\lib\curl_md4.h">
      <Filter>curl\lib</Filter>
    </ClInclude>
    <ClInclude Include="curl\lib\curl_md5.h">
      <Filter>curl\lib</Filter>
    </ClInclude>
    <ClInclude Include="curl\lib\curl_memory.h">
      <Filter>curl\lib</Filter>
    </ClInclude>
    <ClInclude Include="curl\lib\curl_memrchr.h">
      <Filter>curl\lib</Filter>
    </ClInclude>
    <ClInclude Include="curl\lib\curl_multibyte.h">
      <Filter>curl\lib</Filter>
    </ClInclude>
    <ClInclude Include="curl\lib\curl_ntlm.h">
      <Filter>curl\lib</Filter>
    </ClInclude>
    <ClInclude Include="curl\lib\curl_ntlm_core.h">
      <Filter>curl\lib</Filter>
    </ClInclude>
    <ClInclude Include="curl\lib\curl_ntlm_msgs.h">
      <Filter>curl\lib</Filter>
    </ClInclude>
    <ClInclude Include="curl\lib\curl_ntlm_wb.h">
      <Filter>curl\lib</Filter>
    </ClInclude>
    <ClInclude Include="curl\lib\curl_rtmp.h">
      <Filter>curl\lib</Filter>
    </ClInclude>
    <ClInclude Include="curl\lib\curl_sasl.h">
      <Filter>curl\lib</Filter>
    </ClInclude>
    <ClInclude Include="curl\lib\curl_sec.h">
      <Filter>curl\lib</Filter>
    </ClInclude>
    <ClInclude Include="curl\lib\curl_setup.h">
      <Filter>curl\lib</Filter>
    </ClInclude>
    <ClInclude Include="curl\lib\curl_setup_once.h">
      <Filter>curl\lib</Filter>
    </ClInclude>
    <ClInclude Include="curl\lib\curl_share.h">
      <Filter>curl\lib</Filter>
    </ClInclude>
    <ClInclude Include="curl\lib\curl_sspi.h">
      <Filter>curl\lib</Filter>
    </ClInclude>
    <ClInclude Include="curl\lib\curl_threads.h">
      <Filter>curl\lib</Filter>
    </ClInclude>
    <ClInclude Include="curl\lib\curlx.h">
      <Filter>curl\lib</Filter>
    </ClInclude>
    <ClInclude Include="curl\lib\dict.h">
      <Filter>curl\lib</Filter>
    </ClInclude>
    <ClInclude Include="curl\lib\dotdot.h">
      <Filter>curl\lib</Filter>
    </ClInclude>
    <ClInclude Include="curl\lib\easyif.h">
      <Filter>curl\lib</Filter>
    </ClInclude>
    <ClInclude Include="curl\lib\escape.h">
      <Filter>curl\lib</Filter>
    </ClInclude>
    <ClInclude Include="curl\lib\file.h">
      <Filter>curl\lib</Filter>
    </ClInclude>
    <ClInclude Include="curl\lib\fileinfo.h">
      <Filter>curl\lib</Filter>
    </ClInclude>
    <ClInclude Include="curl\lib\formdata.h">
      <Filter>curl\lib</Filter>
    </ClInclude>
    <ClInclude Include="curl\lib\ftp.h">
      <Filter>curl\lib</Filter>
    </ClInclude>
    <ClInclude Include="curl\lib\ftplistparser.h">
      <Filter>curl\lib</Filter>
    </ClInclude>
    <ClInclude Include="curl\lib\getinfo.h">
      <Filter>curl\lib</Filter>
    </ClInclude>
    <ClInclude Include="curl\lib\gopher.h">
      <Filter>curl\lib</Filter>
    </ClInclude>
    <ClInclude Include="curl\lib\hash.h">
      <Filter>curl\lib</Filter>
    </ClInclude>
    <ClInclude Include="curl\lib\hostcheck.h">
      <Filter>curl\lib</Filter>
    </ClInclude>
    <ClInclude Include="curl\lib\hostip.h">
      <Filter>curl\lib</Filter>
    </ClInclude>
    <ClInclude Include="curl\lib\http.h">
      <Filter>curl\lib</Filter>
    </ClInclude>
    <ClInclude Include="curl\lib\http_chunks.h">
      <Filter>curl\lib</Filter>
    </ClInclude>
    <ClInclude Include="curl\lib\http_digest.h">
      <Filter>curl\lib</Filter>
    </ClInclude>
    <ClInclude Include="curl\lib\http_negotiate.h">
      <Filter>curl\lib</Filter>
    </ClInclude>
    <ClInclude Include="curl\lib\http_proxy.h">
      <Filter>curl\lib</Filter>
    </ClInclude>
    <ClInclude Include="curl\lib\http2.h">
      <Filter>curl\lib</Filter>
    </ClInclude>
    <ClInclude Include="curl\lib\if2ip.h">
      <Filter>curl\lib</Filter>
    </ClInclude>
    <ClInclude Include="curl\lib\imap.h">
      <Filter>curl\lib</Filter>
    </ClInclude>
    <ClInclude Include="curl\lib\inet_ntop.h">
      <Filter>curl\lib</Filter>
    </ClInclude>
    <ClInclude Include="curl\lib\inet_pton.h">
      <Filter>curl\lib</Filter>
    </ClInclude>
    <ClInclude Include="curl\lib\llist.h">
      <Filter>curl\lib</Filter>
    </ClInclude>
    <ClInclude Include="curl\lib\memdebug.h">
      <Filter>curl\lib</Filter>
    </ClInclude>
    <ClInclude Include="curl\lib\multihandle.h">
      <Filter>curl\lib</Filter>
    </ClInclude>
    <ClInclude Include="curl\lib\multiif.h">
      <Filter>curl\lib</Filter>
    </ClInclude>
    <ClInclude Include="curl\lib\netrc.h">
      <Filter>curl\lib</Filter>
    </ClInclude>
    <ClInclude Include="curl\lib\non-ascii.h">
      <Filter>curl\lib</Filter>
    </ClInclude>
    <ClInclude Include="curl\lib\nonblock.h">
      <Filter>curl\lib</Filter>
    </ClInclude>
    <ClInclude Include="curl\lib\parsedate.h">
      <Filter>curl\lib</Filter>
    </ClInclude>
    <ClInclude Include="curl\lib\pingpong.h">
      <Filter>curl\lib</Filter>
    </ClInclude>
    <ClInclude Include="curl\lib\pipeline.h">
      <Filter>curl\lib</Filter>
    </ClInclude>
    <ClInclude Include="curl\lib\pop3.h">
      <Filter>curl\lib</Filter>
    </ClInclude>
    <ClInclude Include="curl\lib\progress.h">
      <Filter>curl\lib</Filter>
    </ClInclude>
    <ClInclude Include="curl\lib\rawstr.h">
      <Filter>curl\lib</Filter>
    </ClInclude>
    <ClInclude Include="curl\lib\rtsp.h">
      <Filter>curl\lib</Filter>
    </ClInclude>
    <ClInclude Include="curl\lib\select.h">
      <Filter>curl\lib</Filter>
    </ClInclude>
    <ClInclude Include="curl\lib\sendf.h">
      <Filter>curl\lib</Filter>
    </ClInclude>
    <ClInclude Include="curl\lib\sigpipe.h">
      <Filter>curl\lib</Filter>
    </ClInclude>
    <ClInclude Include="curl\lib\slist.h">
      <Filter>curl\lib</Filter>
    </ClInclude>
    <ClInclude Include="curl\lib\smtp.h">
      <Filter>curl\lib</Filter>
    </ClInclude>
    <ClInclude Include="curl\lib\sockaddr.h">
      <Filter>curl\lib</Filter>
    </ClInclude>
    <ClInclude Include="curl\lib\socks.h">
      <Filter>curl\lib</Filter>
    </ClInclude>
    <ClInclude Include="curl\lib\speedcheck.h">
      <Filter>curl\lib</Filter>
    </ClInclude>
    <ClInclude Include="curl\lib\splay.h">
      <Filter>curl\lib</Filter>
    </ClInclude>
    <ClInclude Include="curl\lib\ssh.h">
      <Filter>curl\lib</Filter>
    </ClInclude>
    <ClInclude Include="curl\lib\strdup.h">
      <Filter>curl\lib</Filter>
    </ClInclude>
    <ClInclude Include="curl\lib\strequal.h">
      <Filter>curl\lib</Filter>
    </ClInclude>
    <ClInclude Include="curl\lib\strerror.h">
      <Filter>curl\lib</Filter>
    </ClInclude>
    <ClInclude Include="curl\lib\strtok.h">
      <Filter>curl\lib</Filter>
    </ClInclude>
    <ClInclude Include="curl\lib\strtoofft.h">
      <Filter>curl\lib</Filter>
    </ClInclude>
    <ClInclude Include="curl\lib\telnet.h">
      <Filter>curl\lib</Filter>
    </ClInclude>
    <ClInclude Include="curl\lib\tftp.h">
      <Filter>curl\lib</Filter>
    </ClInclude>
    <ClInclude Include="curl\lib\timeval.h">
      <Filter>curl\lib</Filter>
    </ClInclude>
    <ClInclude Include="curl\lib\transfer.h">
      <Filter>curl\lib</Filter>
    </ClInclude>
    <ClInclude Include="curl\lib\url.h">
      <Filter>curl\lib</Filter>
    </ClInclude>
    <ClInclude Include="curl\lib\urldata.h">
      <Filter>curl\lib</Filter>
    </ClInclude>
    <ClInclude Include="curl\lib\warnless.h">
      <Filter>curl\lib</Filter>
    </ClInclude>
    <ClInclude Include="curl\lib\wildcard.h">
      <Filter>curl\lib</Filter>
    </ClInclude>
    <ClInclude Include="curl\lib\x509asn1.h">
      <Filter>curl\lib</Filter>
    </ClInclude>
    <ClInclude Include="curl\lib\vtls\axtls.h">
      <Filter>curl\lib\vtls</Filter>
    </ClInclude>
    <ClInclude Include="curl\lib\vtls\curl_darwinssl.h">
      <Filter>curl\lib\vtls</Filter>
    </ClInclude>
    <ClInclude Include="curl\lib\vtls\curl_schannel.h">
      <Filter>curl\lib\vtls</Filter>
    </ClInclude>
    <ClInclude Include="curl\lib\vtls\cyassl.h">
      <Filter>curl\lib\vtls</Filter>
    </ClInclude>
    <ClInclude Include="curl\lib\vtls\gskit.h">
      <Filter>curl\lib\vtls</Filter>
    </ClInclude>
    <ClInclude Include="curl\lib\vtls\gtls.h">
      <Filter>curl\lib\vtls</Filter>
    </ClInclude>
    <ClInclude Include="curl\lib\vtls\nssg.h">
      <Filter>curl\lib\vtls</Filter>
    </ClInclude>
    <ClInclude Include="curl\lib\vtls\openssl.h">
      <Filter>curl\lib\vtls</Filter>
    </ClInclude>
    <ClInclude Include="curl\lib\vtls\polarssl.h">
      <Filter>curl\lib\vtls</Filter>
    </ClInclude>
    <ClInclude Include="curl\lib\vtls\polarssl_threadlock.h">
      <Filter>curl\lib\vtls</Filter>
    </ClInclude>
    <ClInclude Include="curl\lib\vtls\qssl.h">
      <Filter>curl\lib\vtls</Filter>
    </ClInclude>
    <ClInclude Include="curl\lib\vtls\vtls.h">
      <Filter>curl\lib\vtls</Filter>
    </ClInclude>
    <ClInclude Include="json\json\autolink.h">
      <Filter>json\json</Filter>
    </ClInclude>
    <ClInclude Include="json\json\config.h">
      <Filter>json\json</Filter>
    </ClInclude>
    <ClInclude Include="json\json\features.h">
      <Filter>json\json</Filter>
    </ClInclude>
    <ClInclude Include="json\json\forwards.h">
      <Filter>json\json</Filter>
    </ClInclude>
    <ClInclude Include="json\json\json.h">
      <Filter>json\json</Filter>
    </ClInclude>
    <ClInclude Include="json\json\reader.h">
      <Filter>json\json</Filter>
    </ClInclude>
    <ClInclude Include="json\json\value.h">
      <Filter>json\json</Filter>
    </ClInclude>
    <ClInclude Include="json\json\writer.h">
      <Filter>json\json</Filter>
    </ClInclude>
    <ClInclude Include="json\json_batchallocator.h">
      <Filter>json</Filter>
    </ClInclude>
    <ClInclude Include="json\json_tool.h">
      <Filter>json</Filter>
    </ClInclude>
    <ClInclude Include="CxImage\xfile.h">
      <Filter>CxImage</Filter>
    </ClInclude>
    <ClInclude Include="CxImage\ximabmp.h">
      <Filter>CxImage</Filter>
    </ClInclude>
    <ClInclude Include="CxImage\ximacfg.h">
      <Filter>CxImage</Filter>
    </ClInclude>
    <ClInclude Include="CxImage\ximadef.h">
      <Filter>CxImage</Filter>
    </ClInclude>
    <ClInclude Include="CxImage\ximage.h">
      <Filter>CxImage</Filter>
    </ClInclude>
    <ClInclude Include="CxImage\ximagif.h">
      <Filter>CxImage</Filter>
    </ClInclude>
    <ClInclude Include="CxImage\ximaico.h">
      <Filter>CxImage</Filter>
    </ClInclude>
    <ClInclude Include="CxImage\ximaiter.h">
      <Filter>CxImage</Filter>
    </ClInclude>
    <ClInclude Include="CxImage\ximajas.h">
      <Filter>CxImage</Filter>
    </ClInclude>
    <ClInclude Include="CxImage\ximajbg.h">
      <Filter>CxImage</Filter>
    </ClInclude>
    <ClInclude Include="CxImage\ximajpg.h">
      <Filter>CxImage</Filter>
    </ClInclude>
    <ClInclude Include="CxImage\ximamng.h">
      <Filter>CxImage</Filter>
    </ClInclude>
    <ClInclude Include="CxImage\ximapcx.h">
      <Filter>CxImage</Filter>
    </ClInclude>
    <ClInclude Include="CxImage\ximapng.h">
      <Filter>CxImage</Filter>
    </ClInclude>
    <ClInclude Include="CxImage\ximapsd.h">
      <Filter>CxImage</Filter>
    </ClInclude>
    <ClInclude Include="CxImage\ximaraw.h">
      <Filter>CxImage</Filter>
    </ClInclude>
    <ClInclude Include="CxImage\ximaska.h">
      <Filter>CxImage</Filter>
    </ClInclude>
    <ClInclude Include="CxImage\ximatga.h">
      <Filter>CxImage</Filter>
    </ClInclude>
    <ClInclude Include="CxImage\ximath.h">
      <Filter>CxImage</Filter>
    </ClInclude>
    <ClInclude Include="CxImage\ximatif.h">
      <Filter>CxImage</Filter>
    </ClInclude>
    <ClInclude Include="CxImage\ximawbmp.h">
      <Filter>CxImage</Filter>
    </ClInclude>
    <ClInclude Include="CxImage\ximawmf.h">
      <Filter>CxImage</Filter>
    </ClInclude>
    <ClInclude Include="CxImage\xiofile.h">
      <Filter>CxImage</Filter>
    </ClInclude>
    <ClInclude Include="CxImage\xmemfile.h">
      <Filter>CxImage</Filter>
    </ClInclude>
    <ClInclude Include="zlib\crc32.h">
      <Filter>zlib</Filter>
    </ClInclude>
    <ClInclude Include="zlib\deflate.h">
      <Filter>zlib</Filter>
    </ClInclude>
    <ClInclude Include="zlib\inffast.h">
      <Filter>zlib</Filter>
    </ClInclude>
    <ClInclude Include="zlib\inffixed.h">
      <Filter>zlib</Filter>
    </ClInclude>
    <ClInclude Include="zlib\inflate.h">
      <Filter>zlib</Filter>
    </ClInclude>
    <ClInclude Include="zlib\inftrees.h">
      <Filter>zlib</Filter>
    </ClInclude>
    <ClInclude Include="zlib\trees.h">
      <Filter>zlib</Filter>
    </ClInclude>
    <ClInclude Include="zlib\zconf.h">
      <Filter>zlib</Filter>
    </ClInclude>
    <ClInclude Include="zlib\zlib.h">
      <Filter>zlib</Filter>
    </ClInclude>
    <ClInclude Include="zlib\zutil.h">
      <Filter>zlib</Filter>
    </ClInclude>
    <ClInclude Include="png\png.h">
      <Filter>png</Filter>
    </ClInclude>
    <ClInclude Include="png\pngconf.h">
      <Filter>png</Filter>
    </ClInclude>
  </ItemGroup>
  <ItemGroup>
    <ClCompile Include="stdafx.cpp">
      <Filter>源文件</Filter>
    </ClCompile>
    <ClCompile Include="SoftWareMgrMain.cpp">
      <Filter>源文件</Filter>
    </ClCompile>
    <ClCompile Include="appenv.cpp">
      <Filter>源文件</Filter>
    </ClCompile>
    <ClCompile Include="servicefuncs.cpp">
      <Filter>源文件</Filter>
    </ClCompile>
    <ClCompile Include="servinstaller.cpp">
      <Filter>源文件</Filter>
    </ClCompile>
    <ClCompile Include="SysReportLog.cpp">
      <Filter>源文件</Filter>
    </ClCompile>
    <ClCompile Include="ServMain.cpp">
      <Filter>源文件</Filter>
    </ClCompile>
    <ClCompile Include="FuncsImp.cpp">
      <Filter>源文件</Filter>
    </ClCompile>
    <ClCompile Include="CurlEnv.cpp">
      <Filter>源文件</Filter>
    </ClCompile>
    <ClCompile Include="curl\lib\asyn-ares.c">
      <Filter>curl\lib</Filter>
    </ClCompile>
    <ClCompile Include="curl\lib\asyn-thread.c">
      <Filter>curl\lib</Filter>
    </ClCompile>
    <ClCompile Include="curl\lib\base64.c">
      <Filter>curl\lib</Filter>
    </ClCompile>
    <ClCompile Include="curl\lib\bundles.c">
      <Filter>curl\lib</Filter>
    </ClCompile>
    <ClCompile Include="curl\lib\conncache.c">
      <Filter>curl\lib</Filter>
    </ClCompile>
    <ClCompile Include="curl\lib\connect.c">
      <Filter>curl\lib</Filter>
    </ClCompile>
    <ClCompile Include="curl\lib\content_encoding.c">
      <Filter>curl\lib</Filter>
    </ClCompile>
    <ClCompile Include="curl\lib\cookie.c">
      <Filter>curl\lib</Filter>
    </ClCompile>
    <ClCompile Include="curl\lib\curl_addrinfo.c">
      <Filter>curl\lib</Filter>
    </ClCompile>
    <ClCompile Include="curl\lib\curl_fnmatch.c">
      <Filter>curl\lib</Filter>
    </ClCompile>
    <ClCompile Include="curl\lib\curl_gethostname.c">
      <Filter>curl\lib</Filter>
    </ClCompile>
    <ClCompile Include="curl\lib\curl_gssapi.c">
      <Filter>curl\lib</Filter>
    </ClCompile>
    <ClCompile Include="curl\lib\curl_memrchr.c">
      <Filter>curl\lib</Filter>
    </ClCompile>
    <ClCompile Include="curl\lib\curl_multibyte.c">
      <Filter>curl\lib</Filter>
    </ClCompile>
    <ClCompile Include="curl\lib\curl_ntlm.c">
      <Filter>curl\lib</Filter>
    </ClCompile>
    <ClCompile Include="curl\lib\curl_ntlm_core.c">
      <Filter>curl\lib</Filter>
    </ClCompile>
    <ClCompile Include="curl\lib\curl_ntlm_msgs.c">
      <Filter>curl\lib</Filter>
    </ClCompile>
    <ClCompile Include="curl\lib\curl_ntlm_wb.c">
      <Filter>curl\lib</Filter>
    </ClCompile>
    <ClCompile Include="curl\lib\curl_rtmp.c">
      <Filter>curl\lib</Filter>
    </ClCompile>
    <ClCompile Include="curl\lib\curl_sasl.c">
      <Filter>curl\lib</Filter>
    </ClCompile>
    <ClCompile Include="curl\lib\curl_sspi.c">
      <Filter>curl\lib</Filter>
    </ClCompile>
    <ClCompile Include="curl\lib\curl_threads.c">
      <Filter>curl\lib</Filter>
    </ClCompile>
    <ClCompile Include="curl\lib\dict.c">
      <Filter>curl\lib</Filter>
    </ClCompile>
    <ClCompile Include="curl\lib\dotdot.c">
      <Filter>curl\lib</Filter>
    </ClCompile>
    <ClCompile Include="curl\lib\easy.c">
      <Filter>curl\lib</Filter>
    </ClCompile>
    <ClCompile Include="curl\lib\escape.c">
      <Filter>curl\lib</Filter>
    </ClCompile>
    <ClCompile Include="curl\lib\file.c">
      <Filter>curl\lib</Filter>
    </ClCompile>
    <ClCompile Include="curl\lib\fileinfo.c">
      <Filter>curl\lib</Filter>
    </ClCompile>
    <ClCompile Include="curl\lib\formdata.c">
      <Filter>curl\lib</Filter>
    </ClCompile>
    <ClCompile Include="curl\lib\ftp.c">
      <Filter>curl\lib</Filter>
    </ClCompile>
    <ClCompile Include="curl\lib\ftplistparser.c">
      <Filter>curl\lib</Filter>
    </ClCompile>
    <ClCompile Include="curl\lib\getenv.c">
      <Filter>curl\lib</Filter>
    </ClCompile>
    <ClCompile Include="curl\lib\getinfo.c">
      <Filter>curl\lib</Filter>
    </ClCompile>
    <ClCompile Include="curl\lib\gopher.c">
      <Filter>curl\lib</Filter>
    </ClCompile>
    <ClCompile Include="curl\lib\hash.c">
      <Filter>curl\lib</Filter>
    </ClCompile>
    <ClCompile Include="curl\lib\hmac.c">
      <Filter>curl\lib</Filter>
    </ClCompile>
    <ClCompile Include="curl\lib\hostasyn.c">
      <Filter>curl\lib</Filter>
    </ClCompile>
    <ClCompile Include="curl\lib\hostcheck.c">
      <Filter>curl\lib</Filter>
    </ClCompile>
    <ClCompile Include="curl\lib\hostip.c">
      <Filter>curl\lib</Filter>
    </ClCompile>
    <ClCompile Include="curl\lib\hostip4.c">
      <Filter>curl\lib</Filter>
    </ClCompile>
    <ClCompile Include="curl\lib\hostip6.c">
      <Filter>curl\lib</Filter>
    </ClCompile>
    <ClCompile Include="curl\lib\hostsyn.c">
      <Filter>curl\lib</Filter>
    </ClCompile>
    <ClCompile Include="curl\lib\http.c">
      <Filter>curl\lib</Filter>
    </ClCompile>
    <ClCompile Include="curl\lib\http_chunks.c">
      <Filter>curl\lib</Filter>
    </ClCompile>
    <ClCompile Include="curl\lib\http_digest.c">
      <Filter>curl\lib</Filter>
    </ClCompile>
    <ClCompile Include="curl\lib\http_negotiate.c">
      <Filter>curl\lib</Filter>
    </ClCompile>
    <ClCompile Include="curl\lib\http_negotiate_sspi.c">
      <Filter>curl\lib</Filter>
    </ClCompile>
    <ClCompile Include="curl\lib\http_proxy.c">
      <Filter>curl\lib</Filter>
    </ClCompile>
    <ClCompile Include="curl\lib\http2.c">
      <Filter>curl\lib</Filter>
    </ClCompile>
    <ClCompile Include="curl\lib\idn_win32.c">
      <Filter>curl\lib</Filter>
    </ClCompile>
    <ClCompile Include="curl\lib\if2ip.c">
      <Filter>curl\lib</Filter>
    </ClCompile>
    <ClCompile Include="curl\lib\imap.c">
      <Filter>curl\lib</Filter>
    </ClCompile>
    <ClCompile Include="curl\lib\inet_ntop.c">
      <Filter>curl\lib</Filter>
    </ClCompile>
    <ClCompile Include="curl\lib\inet_pton.c">
      <Filter>curl\lib</Filter>
    </ClCompile>
    <ClCompile Include="curl\lib\krb5.c">
      <Filter>curl\lib</Filter>
    </ClCompile>
    <ClCompile Include="curl\lib\ldap.c">
      <Filter>curl\lib</Filter>
    </ClCompile>
    <ClCompile Include="curl\lib\llist.c">
      <Filter>curl\lib</Filter>
    </ClCompile>
    <ClCompile Include="curl\lib\md4.c">
      <Filter>curl\lib</Filter>
    </ClCompile>
    <ClCompile Include="curl\lib\md5.c">
      <Filter>curl\lib</Filter>
    </ClCompile>
    <ClCompile Include="curl\lib\memdebug.c">
      <Filter>curl\lib</Filter>
    </ClCompile>
    <ClCompile Include="curl\lib\mprintf.c">
      <Filter>curl\lib</Filter>
    </ClCompile>
    <ClCompile Include="curl\lib\multi.c">
      <Filter>curl\lib</Filter>
    </ClCompile>
    <ClCompile Include="curl\lib\netrc.c">
      <Filter>curl\lib</Filter>
    </ClCompile>
    <ClCompile Include="curl\lib\non-ascii.c">
      <Filter>curl\lib</Filter>
    </ClCompile>
    <ClCompile Include="curl\lib\nonblock.c">
      <Filter>curl\lib</Filter>
    </ClCompile>
    <ClCompile Include="curl\lib\nwlib.c">
      <Filter>curl\lib</Filter>
    </ClCompile>
    <ClCompile Include="curl\lib\nwos.c">
      <Filter>curl\lib</Filter>
    </ClCompile>
    <ClCompile Include="curl\lib\openldap.c">
      <Filter>curl\lib</Filter>
    </ClCompile>
    <ClCompile Include="curl\lib\parsedate.c">
      <Filter>curl\lib</Filter>
    </ClCompile>
    <ClCompile Include="curl\lib\pingpong.c">
      <Filter>curl\lib</Filter>
    </ClCompile>
    <ClCompile Include="curl\lib\pipeline.c">
      <Filter>curl\lib</Filter>
    </ClCompile>
    <ClCompile Include="curl\lib\pop3.c">
      <Filter>curl\lib</Filter>
    </ClCompile>
    <ClCompile Include="curl\lib\progress.c">
      <Filter>curl\lib</Filter>
    </ClCompile>
    <ClCompile Include="curl\lib\rawstr.c">
      <Filter>curl\lib</Filter>
    </ClCompile>
    <ClCompile Include="curl\lib\rtsp.c">
      <Filter>curl\lib</Filter>
    </ClCompile>
    <ClCompile Include="curl\lib\security.c">
      <Filter>curl\lib</Filter>
    </ClCompile>
    <ClCompile Include="curl\lib\select.c">
      <Filter>curl\lib</Filter>
    </ClCompile>
    <ClCompile Include="curl\lib\sendf.c">
      <Filter>curl\lib</Filter>
    </ClCompile>
    <ClCompile Include="curl\lib\share.c">
      <Filter>curl\lib</Filter>
    </ClCompile>
    <ClCompile Include="curl\lib\slist.c">
      <Filter>curl\lib</Filter>
    </ClCompile>
    <ClCompile Include="curl\lib\smtp.c">
      <Filter>curl\lib</Filter>
    </ClCompile>
    <ClCompile Include="curl\lib\socks.c">
      <Filter>curl\lib</Filter>
    </ClCompile>
    <ClCompile Include="curl\lib\socks_gssapi.c">
      <Filter>curl\lib</Filter>
    </ClCompile>
    <ClCompile Include="curl\lib\socks_sspi.c">
      <Filter>curl\lib</Filter>
    </ClCompile>
    <ClCompile Include="curl\lib\speedcheck.c">
      <Filter>curl\lib</Filter>
    </ClCompile>
    <ClCompile Include="curl\lib\splay.c">
      <Filter>curl\lib</Filter>
    </ClCompile>
    <ClCompile Include="curl\lib\ssh.c">
      <Filter>curl\lib</Filter>
    </ClCompile>
    <ClCompile Include="curl\lib\strdup.c">
      <Filter>curl\lib</Filter>
    </ClCompile>
    <ClCompile Include="curl\lib\strequal.c">
      <Filter>curl\lib</Filter>
    </ClCompile>
    <ClCompile Include="curl\lib\strerror.c">
      <Filter>curl\lib</Filter>
    </ClCompile>
    <ClCompile Include="curl\lib\strtok.c">
      <Filter>curl\lib</Filter>
    </ClCompile>
    <ClCompile Include="curl\lib\strtoofft.c">
      <Filter>curl\lib</Filter>
    </ClCompile>
    <ClCompile Include="curl\lib\telnet.c">
      <Filter>curl\lib</Filter>
    </ClCompile>
    <ClCompile Include="curl\lib\tftp.c">
      <Filter>curl\lib</Filter>
    </ClCompile>
    <ClCompile Include="curl\lib\timeval.c">
      <Filter>curl\lib</Filter>
    </ClCompile>
    <ClCompile Include="curl\lib\transfer.c">
      <Filter>curl\lib</Filter>
    </ClCompile>
    <ClCompile Include="curl\lib\url.c">
      <Filter>curl\lib</Filter>
    </ClCompile>
    <ClCompile Include="curl\lib\version.c">
      <Filter>curl\lib</Filter>
    </ClCompile>
    <ClCompile Include="curl\lib\warnless.c">
      <Filter>curl\lib</Filter>
    </ClCompile>
    <ClCompile Include="curl\lib\wildcard.c">
      <Filter>curl\lib</Filter>
    </ClCompile>
    <ClCompile Include="curl\lib\x509asn1.c">
      <Filter>curl\lib</Filter>
    </ClCompile>
    <ClCompile Include="curl\lib\vtls\axtls.c">
      <Filter>curl\lib\vtls</Filter>
    </ClCompile>
    <ClCompile Include="curl\lib\vtls\curl_darwinssl.c">
      <Filter>curl\lib\vtls</Filter>
    </ClCompile>
    <ClCompile Include="curl\lib\vtls\curl_schannel.c">
      <Filter>curl\lib\vtls</Filter>
    </ClCompile>
    <ClCompile Include="curl\lib\vtls\cyassl.c">
      <Filter>curl\lib\vtls</Filter>
    </ClCompile>
    <ClCompile Include="curl\lib\vtls\gskit.c">
      <Filter>curl\lib\vtls</Filter>
    </ClCompile>
    <ClCompile Include="curl\lib\vtls\gtls.c">
      <Filter>curl\lib\vtls</Filter>
    </ClCompile>
    <ClCompile Include="curl\lib\vtls\nss.c">
      <Filter>curl\lib\vtls</Filter>
    </ClCompile>
    <ClCompile Include="curl\lib\vtls\openssl.c">
      <Filter>curl\lib\vtls</Filter>
    </ClCompile>
    <ClCompile Include="curl\lib\vtls\polarssl.c">
      <Filter>curl\lib\vtls</Filter>
    </ClCompile>
    <ClCompile Include="curl\lib\vtls\polarssl_threadlock.c">
      <Filter>curl\lib\vtls</Filter>
    </ClCompile>
    <ClCompile Include="curl\lib\vtls\qssl.c">
      <Filter>curl\lib\vtls</Filter>
    </ClCompile>
    <ClCompile Include="curl\lib\vtls\vtls.c">
      <Filter>curl\lib\vtls</Filter>
    </ClCompile>
    <ClCompile Include="json\json_reader.cpp">
      <Filter>json</Filter>
    </ClCompile>
    <ClCompile Include="json\json_value.cpp">
      <Filter>json</Filter>
    </ClCompile>
    <ClCompile Include="json\json_writer.cpp">
      <Filter>json</Filter>
    </ClCompile>
    <ClCompile Include="softwareinfo.cpp">
      <Filter>源文件</Filter>
    </ClCompile>
    <ClCompile Include="CxImage\tif_xfile.cpp">
      <Filter>CxImage</Filter>
    </ClCompile>
    <ClCompile Include="CxImage\ximabmp.cpp">
      <Filter>CxImage</Filter>
    </ClCompile>
    <ClCompile Include="CxImage\ximadsp.cpp">
      <Filter>CxImage</Filter>
    </ClCompile>
    <ClCompile Include="CxImage\ximaenc.cpp">
      <Filter>CxImage</Filter>
    </ClCompile>
    <ClCompile Include="CxImage\ximaexif.cpp">
      <Filter>CxImage</Filter>
    </ClCompile>
    <ClCompile Include="CxImage\ximage.cpp">
      <Filter>CxImage</Filter>
    </ClCompile>
    <ClCompile Include="CxImage\ximagif.cpp">
      <Filter>CxImage</Filter>
    </ClCompile>
    <ClCompile Include="CxImage\ximahist.cpp">
      <Filter>CxImage</Filter>
    </ClCompile>
    <ClCompile Include="CxImage\ximaico.cpp">
      <Filter>CxImage</Filter>
    </ClCompile>
    <ClCompile Include="CxImage\ximainfo.cpp">
      <Filter>CxImage</Filter>
    </ClCompile>
    <ClCompile Include="CxImage\ximaint.cpp">
      <Filter>CxImage</Filter>
    </ClCompile>
    <ClCompile Include="CxImage\ximajas.cpp">
      <Filter>CxImage</Filter>
    </ClCompile>
    <ClCompile Include="CxImage\ximajbg.cpp">
      <Filter>CxImage</Filter>
    </ClCompile>
    <ClCompile Include="CxImage\ximajpg.cpp">
      <Filter>CxImage</Filter>
    </ClCompile>
    <ClCompile Include="CxImage\ximalpha.cpp">
      <Filter>CxImage</Filter>
    </ClCompile>
    <ClCompile Include="CxImage\ximalyr.cpp">
      <Filter>CxImage</Filter>
    </ClCompile>
    <ClCompile Include="CxImage\ximamng.cpp">
      <Filter>CxImage</Filter>
    </ClCompile>
    <ClCompile Include="CxImage\ximapal.cpp">
      <Filter>CxImage</Filter>
    </ClCompile>
    <ClCompile Include="CxImage\ximapcx.cpp">
      <Filter>CxImage</Filter>
    </ClCompile>
    <ClCompile Include="CxImage\ximapng.cpp">
      <Filter>CxImage</Filter>
    </ClCompile>
    <ClCompile Include="CxImage\ximapsd.cpp">
      <Filter>CxImage</Filter>
    </ClCompile>
    <ClCompile Include="CxImage\ximaraw.cpp">
      <Filter>CxImage</Filter>
    </ClCompile>
    <ClCompile Include="CxImage\ximasel.cpp">
      <Filter>CxImage</Filter>
    </ClCompile>
    <ClCompile Include="CxImage\ximaska.cpp">
      <Filter>CxImage</Filter>
    </ClCompile>
    <ClCompile Include="CxImage\ximatga.cpp">
      <Filter>CxImage</Filter>
    </ClCompile>
    <ClCompile Include="CxImage\ximath.cpp">
      <Filter>CxImage</Filter>
    </ClCompile>
    <ClCompile Include="CxImage\ximatif.cpp">
      <Filter>CxImage</Filter>
    </ClCompile>
    <ClCompile Include="CxImage\ximatran.cpp">
      <Filter>CxImage</Filter>
    </ClCompile>
    <ClCompile Include="CxImage\ximawbmp.cpp">
      <Filter>CxImage</Filter>
    </ClCompile>
    <ClCompile Include="CxImage\ximawmf.cpp">
      <Filter>CxImage</Filter>
    </ClCompile>
    <ClCompile Include="CxImage\ximawnd.cpp">
      <Filter>CxImage</Filter>
    </ClCompile>
    <ClCompile Include="CxImage\xmemfile.cpp">
      <Filter>CxImage</Filter>
    </ClCompile>
    <ClCompile Include="zlib\adler32.c">
      <Filter>zlib</Filter>
    </ClCompile>
    <ClCompile Include="zlib\compress.c">
      <Filter>zlib</Filter>
    </ClCompile>
    <ClCompile Include="zlib\crc32.c">
      <Filter>zlib</Filter>
    </ClCompile>
    <ClCompile Include="zlib\deflate.c">
      <Filter>zlib</Filter>
    </ClCompile>
    <ClCompile Include="zlib\infback.c">
      <Filter>zlib</Filter>
    </ClCompile>
    <ClCompile Include="zlib\inffast.c">
      <Filter>zlib</Filter>
    </ClCompile>
    <ClCompile Include="zlib\inflate.c">
      <Filter>zlib</Filter>
    </ClCompile>
    <ClCompile Include="zlib\inftrees.c">
      <Filter>zlib</Filter>
    </ClCompile>
    <ClCompile Include="zlib\trees.c">
      <Filter>zlib</Filter>
    </ClCompile>
    <ClCompile Include="zlib\uncompr.c">
      <Filter>zlib</Filter>
    </ClCompile>
    <ClCompile Include="zlib\zutil.c">
      <Filter>zlib</Filter>
    </ClCompile>
    <ClCompile Include="png\png.c">
      <Filter>png</Filter>
    </ClCompile>
    <ClCompile Include="png\pngerror.c">
      <Filter>png</Filter>
    </ClCompile>
    <ClCompile Include="png\pngget.c">
      <Filter>png</Filter>
    </ClCompile>
    <ClCompile Include="png\pngmem.c">
      <Filter>png</Filter>
    </ClCompile>
    <ClCompile Include="png\pngpread.c">
      <Filter>png</Filter>
    </ClCompile>
    <ClCompile Include="png\pngread.c">
      <Filter>png</Filter>
    </ClCompile>
    <ClCompile Include="png\pngrio.c">
      <Filter>png</Filter>
    </ClCompile>
    <ClCompile Include="png\pngrtran.c">
      <Filter>png</Filter>
    </ClCompile>
    <ClCompile Include="png\pngrutil.c">
      <Filter>png</Filter>
    </ClCompile>
    <ClCompile Include="png\pngset.c">
      <Filter>png</Filter>
    </ClCompile>
    <ClCompile Include="png\pngtrans.c">
      <Filter>png</Filter>
    </ClCompile>
    <ClCompile Include="png\pngwio.c">
      <Filter>png</Filter>
    </ClCompile>
    <ClCompile Include="png\pngwrite.c">
      <Filter>png</Filter>
    </ClCompile>
    <ClCompile Include="png\pngwtran.c">
      <Filter>png</Filter>
    </ClCompile>
    <ClCompile Include="png\pngwutil.c">
      <Filter>png</Filter>
    </ClCompile>
  </ItemGroup>
  <ItemGroup>
    <None Include="json\json_internalarray.inl">
      <Filter>json</Filter>
    </None>
    <None Include="json\json_internalmap.inl">
      <Filter>json</Filter>
    </None>
    <None Include="json\json_valueiterator.inl">
      <Filter>json</Filter>
    </None>
  </ItemGroup>
</Project>